// !$*UTF8*$!
{
	archiveVersion = 1;
	classes = {
	};
	objectVersion = 51;
	objects = {

/* Begin PBXBuildFile section */
		2B06DC8C2602F77800CAA6C2 /* AppDelegate.swift in Sources */ = {isa = PBXBuildFile; fileRef = 2B06DC8B2602F77800CAA6C2 /* AppDelegate.swift */; };
		2B06DC8E2602F77800CAA6C2 /* SceneDelegate.swift in Sources */ = {isa = PBXBuildFile; fileRef = 2B06DC8D2602F77800CAA6C2 /* SceneDelegate.swift */; };
		2B06DC932602F77800CAA6C2 /* Main.storyboard in Resources */ = {isa = PBXBuildFile; fileRef = 2B06DC912602F77800CAA6C2 /* Main.storyboard */; };
		2B06DC952602F77A00CAA6C2 /* Assets.xcassets in Resources */ = {isa = PBXBuildFile; fileRef = 2B06DC942602F77A00CAA6C2 /* Assets.xcassets */; };
		2B06DC982602F77A00CAA6C2 /* LaunchScreen.storyboard in Resources */ = {isa = PBXBuildFile; fileRef = 2B06DC962602F77A00CAA6C2 /* LaunchScreen.storyboard */; };
		2B06DCA32602F77A00CAA6C2 /* parstargramTests.swift in Sources */ = {isa = PBXBuildFile; fileRef = 2B06DCA22602F77A00CAA6C2 /* parstargramTests.swift */; };
		2B06DCAE2602F77A00CAA6C2 /* parstargramUITests.swift in Sources */ = {isa = PBXBuildFile; fileRef = 2B06DCAD2602F77A00CAA6C2 /* parstargramUITests.swift */; };
		2B06DCC22602F7DD00CAA6C2 /* LoginViewController.swift in Sources */ = {isa = PBXBuildFile; fileRef = 2B06DCC12602F7DD00CAA6C2 /* LoginViewController.swift */; };
		2B06DCC72602F7F000CAA6C2 /* FeedViewController.swift in Sources */ = {isa = PBXBuildFile; fileRef = 2B06DCC62602F7F000CAA6C2 /* FeedViewController.swift */; };
		2B06DCD8260303FF00CAA6C2 /* CaptureViewController.swift in Sources */ = {isa = PBXBuildFile; fileRef = 2B06DCD7260303FF00CAA6C2 /* CaptureViewController.swift */; };
		2B06DCE82603D46600CAA6C2 /* PostCell.swift in Sources */ = {isa = PBXBuildFile; fileRef = 2B06DCE72603D46600CAA6C2 /* PostCell.swift */; };
		2EC944EFB588290AE2ED86FA /* Pods_parstargram_parstargramUITests.framework in Frameworks */ = {isa = PBXBuildFile; fileRef = C9AAA116037E720F3622B579 /* Pods_parstargram_parstargramUITests.framework */; };
		8E312A998DDED18365D46AC1 /* Pods_parstargramTests.framework in Frameworks */ = {isa = PBXBuildFile; fileRef = CED23B31AF904626069B35EC /* Pods_parstargramTests.framework */; };
		FFA41F6E6FED8A3138C929F4 /* Pods_parstargram.framework in Frameworks */ = {isa = PBXBuildFile; fileRef = AF79D6268E606C86517024A6 /* Pods_parstargram.framework */; };
/* End PBXBuildFile section */

/* Begin PBXContainerItemProxy section */
		2B06DC9F2602F77A00CAA6C2 /* PBXContainerItemProxy */ = {
			isa = PBXContainerItemProxy;
			containerPortal = 2B06DC802602F77800CAA6C2 /* Project object */;
			proxyType = 1;
			remoteGlobalIDString = 2B06DC872602F77800CAA6C2;
			remoteInfo = parstargram;
		};
		2B06DCAA2602F77A00CAA6C2 /* PBXContainerItemProxy */ = {
			isa = PBXContainerItemProxy;
			containerPortal = 2B06DC802602F77800CAA6C2 /* Project object */;
			proxyType = 1;
			remoteGlobalIDString = 2B06DC872602F77800CAA6C2;
			remoteInfo = parstargram;
		};
/* End PBXContainerItemProxy section */

/* Begin PBXFileReference section */
		2B06DC882602F77800CAA6C2 /* parstargram.app */ = {isa = PBXFileReference; explicitFileType = wrapper.application; includeInIndex = 0; path = parstargram.app; sourceTree = BUILT_PRODUCTS_DIR; };
		2B06DC8B2602F77800CAA6C2 /* AppDelegate.swift */ = {isa = PBXFileReference; lastKnownFileType = sourcecode.swift; path = AppDelegate.swift; sourceTree = "<group>"; };
		2B06DC8D2602F77800CAA6C2 /* SceneDelegate.swift */ = {isa = PBXFileReference; lastKnownFileType = sourcecode.swift; path = SceneDelegate.swift; sourceTree = "<group>"; };
		2B06DC922602F77800CAA6C2 /* Base */ = {isa = PBXFileReference; lastKnownFileType = file.storyboard; name = Base; path = Base.lproj/Main.storyboard; sourceTree = "<group>"; };
		2B06DC942602F77A00CAA6C2 /* Assets.xcassets */ = {isa = PBXFileReference; lastKnownFileType = folder.assetcatalog; path = Assets.xcassets; sourceTree = "<group>"; };
		2B06DC972602F77A00CAA6C2 /* Base */ = {isa = PBXFileReference; lastKnownFileType = file.storyboard; name = Base; path = Base.lproj/LaunchScreen.storyboard; sourceTree = "<group>"; };
		2B06DC992602F77A00CAA6C2 /* Info.plist */ = {isa = PBXFileReference; lastKnownFileType = text.plist.xml; path = Info.plist; sourceTree = "<group>"; };
		2B06DC9E2602F77A00CAA6C2 /* parstargramTests.xctest */ = {isa = PBXFileReference; explicitFileType = wrapper.cfbundle; includeInIndex = 0; path = parstargramTests.xctest; sourceTree = BUILT_PRODUCTS_DIR; };
		2B06DCA22602F77A00CAA6C2 /* parstargramTests.swift */ = {isa = PBXFileReference; lastKnownFileType = sourcecode.swift; path = parstargramTests.swift; sourceTree = "<group>"; };
		2B06DCA42602F77A00CAA6C2 /* Info.plist */ = {isa = PBXFileReference; lastKnownFileType = text.plist.xml; path = Info.plist; sourceTree = "<group>"; };
		2B06DCA92602F77A00CAA6C2 /* parstargramUITests.xctest */ = {isa = PBXFileReference; explicitFileType = wrapper.cfbundle; includeInIndex = 0; path = parstargramUITests.xctest; sourceTree = BUILT_PRODUCTS_DIR; };
		2B06DCAD2602F77A00CAA6C2 /* parstargramUITests.swift */ = {isa = PBXFileReference; lastKnownFileType = sourcecode.swift; path = parstargramUITests.swift; sourceTree = "<group>"; };
		2B06DCAF2602F77A00CAA6C2 /* Info.plist */ = {isa = PBXFileReference; lastKnownFileType = text.plist.xml; path = Info.plist; sourceTree = "<group>"; };
		2B06DCC12602F7DD00CAA6C2 /* LoginViewController.swift */ = {isa = PBXFileReference; lastKnownFileType = sourcecode.swift; path = LoginViewController.swift; sourceTree = "<group>"; };
		2B06DCC62602F7F000CAA6C2 /* FeedViewController.swift */ = {isa = PBXFileReference; lastKnownFileType = sourcecode.swift; path = FeedViewController.swift; sourceTree = "<group>"; };
		2B06DCD7260303FF00CAA6C2 /* CaptureViewController.swift */ = {isa = PBXFileReference; lastKnownFileType = sourcecode.swift; path = CaptureViewController.swift; sourceTree = "<group>"; };
		2B06DCE72603D46600CAA6C2 /* PostCell.swift */ = {isa = PBXFileReference; lastKnownFileType = sourcecode.swift; path = PostCell.swift; sourceTree = "<group>"; };
		58AFFFA3469696E893792A95 /* Pods-parstargram-parstargramUITests.debug.xcconfig */ = {isa = PBXFileReference; includeInIndex = 1; lastKnownFileType = text.xcconfig; name = "Pods-parstargram-parstargramUITests.debug.xcconfig"; path = "Target Support Files/Pods-parstargram-parstargramUITests/Pods-parstargram-parstargramUITests.debug.xcconfig"; sourceTree = "<group>"; };
		6BF80ABC982F15DE06CEA907 /* Pods-parstargram.debug.xcconfig */ = {isa = PBXFileReference; includeInIndex = 1; lastKnownFileType = text.xcconfig; name = "Pods-parstargram.debug.xcconfig"; path = "Target Support Files/Pods-parstargram/Pods-parstargram.debug.xcconfig"; sourceTree = "<group>"; };
		7FA87F1A98ED59BC7F6C4FD8 /* Pods-parstargram.release.xcconfig */ = {isa = PBXFileReference; includeInIndex = 1; lastKnownFileType = text.xcconfig; name = "Pods-parstargram.release.xcconfig"; path = "Target Support Files/Pods-parstargram/Pods-parstargram.release.xcconfig"; sourceTree = "<group>"; };
		A874CF64B759D2E85F78235C /* Pods-parstargramTests.debug.xcconfig */ = {isa = PBXFileReference; includeInIndex = 1; lastKnownFileType = text.xcconfig; name = "Pods-parstargramTests.debug.xcconfig"; path = "Target Support Files/Pods-parstargramTests/Pods-parstargramTests.debug.xcconfig"; sourceTree = "<group>"; };
		AC4E63DD1B9C3D1E13598115 /* Pods-parstargramTests.release.xcconfig */ = {isa = PBXFileReference; includeInIndex = 1; lastKnownFileType = text.xcconfig; name = "Pods-parstargramTests.release.xcconfig"; path = "Target Support Files/Pods-parstargramTests/Pods-parstargramTests.release.xcconfig"; sourceTree = "<group>"; };
		AF79D6268E606C86517024A6 /* Pods_parstargram.framework */ = {isa = PBXFileReference; explicitFileType = wrapper.framework; includeInIndex = 0; path = Pods_parstargram.framework; sourceTree = BUILT_PRODUCTS_DIR; };
		C5406B116B8CFE9E74BF62DF /* Pods-parstargram-parstargramUITests.release.xcconfig */ = {isa = PBXFileReference; includeInIndex = 1; lastKnownFileType = text.xcconfig; name = "Pods-parstargram-parstargramUITests.release.xcconfig"; path = "Target Support Files/Pods-parstargram-parstargramUITests/Pods-parstargram-parstargramUITests.release.xcconfig"; sourceTree = "<group>"; };
		C9AAA116037E720F3622B579 /* Pods_parstargram_parstargramUITests.framework */ = {isa = PBXFileReference; explicitFileType = wrapper.framework; includeInIndex = 0; path = Pods_parstargram_parstargramUITests.framework; sourceTree = BUILT_PRODUCTS_DIR; };
		CED23B31AF904626069B35EC /* Pods_parstargramTests.framework */ = {isa = PBXFileReference; explicitFileType = wrapper.framework; includeInIndex = 0; path = Pods_parstargramTests.framework; sourceTree = BUILT_PRODUCTS_DIR; };
/* End PBXFileReference section */

/* Begin PBXFrameworksBuildPhase section */
		2B06DC852602F77800CAA6C2 /* Frameworks */ = {
			isa = PBXFrameworksBuildPhase;
			buildActionMask = 2147483647;
			files = (
				FFA41F6E6FED8A3138C929F4 /* Pods_parstargram.framework in Frameworks */,
			);
			runOnlyForDeploymentPostprocessing = 0;
		};
		2B06DC9B2602F77A00CAA6C2 /* Frameworks */ = {
			isa = PBXFrameworksBuildPhase;
			buildActionMask = 2147483647;
			files = (
				8E312A998DDED18365D46AC1 /* Pods_parstargramTests.framework in Frameworks */,
			);
			runOnlyForDeploymentPostprocessing = 0;
		};
		2B06DCA62602F77A00CAA6C2 /* Frameworks */ = {
			isa = PBXFrameworksBuildPhase;
			buildActionMask = 2147483647;
			files = (
				2EC944EFB588290AE2ED86FA /* Pods_parstargram_parstargramUITests.framework in Frameworks */,
			);
			runOnlyForDeploymentPostprocessing = 0;
		};
/* End PBXFrameworksBuildPhase section */

/* Begin PBXGroup section */
		2B06DC7F2602F77800CAA6C2 = {
			isa = PBXGroup;
			children = (
				2B06DC8A2602F77800CAA6C2 /* parstargram */,
				2B06DCA12602F77A00CAA6C2 /* parstargramTests */,
				2B06DCAC2602F77A00CAA6C2 /* parstargramUITests */,
				2B06DC892602F77800CAA6C2 /* Products */,
				CD973854153BD1DD48FC8FB8 /* Pods */,
				D480C526E5D23EC9788EB8CA /* Frameworks */,
			);
			sourceTree = "<group>";
		};
		2B06DC892602F77800CAA6C2 /* Products */ = {
			isa = PBXGroup;
			children = (
				2B06DC882602F77800CAA6C2 /* parstargram.app */,
				2B06DC9E2602F77A00CAA6C2 /* parstargramTests.xctest */,
				2B06DCA92602F77A00CAA6C2 /* parstargramUITests.xctest */,
			);
			name = Products;
			sourceTree = "<group>";
		};
		2B06DC8A2602F77800CAA6C2 /* parstargram */ = {
			isa = PBXGroup;
			children = (
				2B06DC8B2602F77800CAA6C2 /* AppDelegate.swift */,
				2B06DC8D2602F77800CAA6C2 /* SceneDelegate.swift */,
				2B06DC912602F77800CAA6C2 /* Main.storyboard */,
				2B06DC942602F77A00CAA6C2 /* Assets.xcassets */,
				2B06DC962602F77A00CAA6C2 /* LaunchScreen.storyboard */,
				2B06DC992602F77A00CAA6C2 /* Info.plist */,
				2B06DCC12602F7DD00CAA6C2 /* LoginViewController.swift */,
				2B06DCC62602F7F000CAA6C2 /* FeedViewController.swift */,
				2B06DCD7260303FF00CAA6C2 /* CaptureViewController.swift */,
				2B06DCE72603D46600CAA6C2 /* PostCell.swift */,
			);
			path = parstargram;
			sourceTree = "<group>";
		};
		2B06DCA12602F77A00CAA6C2 /* parstargramTests */ = {
			isa = PBXGroup;
			children = (
				2B06DCA22602F77A00CAA6C2 /* parstargramTests.swift */,
				2B06DCA42602F77A00CAA6C2 /* Info.plist */,
			);
			path = parstargramTests;
			sourceTree = "<group>";
		};
		2B06DCAC2602F77A00CAA6C2 /* parstargramUITests */ = {
			isa = PBXGroup;
			children = (
				2B06DCAD2602F77A00CAA6C2 /* parstargramUITests.swift */,
				2B06DCAF2602F77A00CAA6C2 /* Info.plist */,
			);
			path = parstargramUITests;
			sourceTree = "<group>";
		};
		CD973854153BD1DD48FC8FB8 /* Pods */ = {
			isa = PBXGroup;
			children = (
				6BF80ABC982F15DE06CEA907 /* Pods-parstargram.debug.xcconfig */,
				7FA87F1A98ED59BC7F6C4FD8 /* Pods-parstargram.release.xcconfig */,
				58AFFFA3469696E893792A95 /* Pods-parstargram-parstargramUITests.debug.xcconfig */,
				C5406B116B8CFE9E74BF62DF /* Pods-parstargram-parstargramUITests.release.xcconfig */,
				A874CF64B759D2E85F78235C /* Pods-parstargramTests.debug.xcconfig */,
				AC4E63DD1B9C3D1E13598115 /* Pods-parstargramTests.release.xcconfig */,
			);
			path = Pods;
			sourceTree = "<group>";
		};
		D480C526E5D23EC9788EB8CA /* Frameworks */ = {
			isa = PBXGroup;
			children = (
				AF79D6268E606C86517024A6 /* Pods_parstargram.framework */,
				C9AAA116037E720F3622B579 /* Pods_parstargram_parstargramUITests.framework */,
				CED23B31AF904626069B35EC /* Pods_parstargramTests.framework */,
			);
			name = Frameworks;
			sourceTree = "<group>";
		};
/* End PBXGroup section */

/* Begin PBXNativeTarget section */
		2B06DC872602F77800CAA6C2 /* parstargram */ = {
			isa = PBXNativeTarget;
			buildConfigurationList = 2B06DCB22602F77A00CAA6C2 /* Build configuration list for PBXNativeTarget "parstargram" */;
			buildPhases = (
				32A5F128B1CB37B597289470 /* [CP] Check Pods Manifest.lock */,
				2B06DC842602F77800CAA6C2 /* Sources */,
				2B06DC852602F77800CAA6C2 /* Frameworks */,
				2B06DC862602F77800CAA6C2 /* Resources */,
				FA9DE93A40039F5464A13AAB /* [CP] Embed Pods Frameworks */,
			);
			buildRules = (
			);
			dependencies = (
			);
			name = parstargram;
			productName = parstargram;
			productReference = 2B06DC882602F77800CAA6C2 /* parstargram.app */;
			productType = "com.apple.product-type.application";
		};
		2B06DC9D2602F77A00CAA6C2 /* parstargramTests */ = {
			isa = PBXNativeTarget;
			buildConfigurationList = 2B06DCB52602F77A00CAA6C2 /* Build configuration list for PBXNativeTarget "parstargramTests" */;
			buildPhases = (
				6E49D984B70D91802264F547 /* [CP] Check Pods Manifest.lock */,
				2B06DC9A2602F77A00CAA6C2 /* Sources */,
				2B06DC9B2602F77A00CAA6C2 /* Frameworks */,
				2B06DC9C2602F77A00CAA6C2 /* Resources */,
			);
			buildRules = (
			);
			dependencies = (
				2B06DCA02602F77A00CAA6C2 /* PBXTargetDependency */,
			);
			name = parstargramTests;
			productName = parstargramTests;
			productReference = 2B06DC9E2602F77A00CAA6C2 /* parstargramTests.xctest */;
			productType = "com.apple.product-type.bundle.unit-test";
		};
		2B06DCA82602F77A00CAA6C2 /* parstargramUITests */ = {
			isa = PBXNativeTarget;
			buildConfigurationList = 2B06DCB82602F77A00CAA6C2 /* Build configuration list for PBXNativeTarget "parstargramUITests" */;
			buildPhases = (
				DBE1DE6BB1F5DDEBB0E0B0FB /* [CP] Check Pods Manifest.lock */,
				2B06DCA52602F77A00CAA6C2 /* Sources */,
				2B06DCA62602F77A00CAA6C2 /* Frameworks */,
				2B06DCA72602F77A00CAA6C2 /* Resources */,
				8B3851F2CA06FF0C627E1B47 /* [CP] Embed Pods Frameworks */,
			);
			buildRules = (
			);
			dependencies = (
				2B06DCAB2602F77A00CAA6C2 /* PBXTargetDependency */,
			);
			name = parstargramUITests;
			productName = parstargramUITests;
			productReference = 2B06DCA92602F77A00CAA6C2 /* parstargramUITests.xctest */;
			productType = "com.apple.product-type.bundle.ui-testing";
		};
/* End PBXNativeTarget section */

/* Begin PBXProject section */
		2B06DC802602F77800CAA6C2 /* Project object */ = {
			isa = PBXProject;
			attributes = {
				LastSwiftUpdateCheck = 1240;
				LastUpgradeCheck = 1240;
				TargetAttributes = {
					2B06DC872602F77800CAA6C2 = {
						CreatedOnToolsVersion = 12.4;
					};
					2B06DC9D2602F77A00CAA6C2 = {
						CreatedOnToolsVersion = 12.4;
						TestTargetID = 2B06DC872602F77800CAA6C2;
					};
					2B06DCA82602F77A00CAA6C2 = {
						CreatedOnToolsVersion = 12.4;
						TestTargetID = 2B06DC872602F77800CAA6C2;
					};
				};
			};
			buildConfigurationList = 2B06DC832602F77800CAA6C2 /* Build configuration list for PBXProject "parstargram" */;
			compatibilityVersion = "Xcode 9.3";
			developmentRegion = en;
			hasScannedForEncodings = 0;
			knownRegions = (
				en,
				Base,
			);
			mainGroup = 2B06DC7F2602F77800CAA6C2;
			productRefGroup = 2B06DC892602F77800CAA6C2 /* Products */;
			projectDirPath = "";
			projectRoot = "";
			targets = (
				2B06DC872602F77800CAA6C2 /* parstargram */,
				2B06DC9D2602F77A00CAA6C2 /* parstargramTests */,
				2B06DCA82602F77A00CAA6C2 /* parstargramUITests */,
			);
		};
/* End PBXProject section */

/* Begin PBXResourcesBuildPhase section */
		2B06DC862602F77800CAA6C2 /* Resources */ = {
			isa = PBXResourcesBuildPhase;
			buildActionMask = 2147483647;
			files = (
				2B06DC982602F77A00CAA6C2 /* LaunchScreen.storyboard in Resources */,
				2B06DC952602F77A00CAA6C2 /* Assets.xcassets in Resources */,
				2B06DC932602F77800CAA6C2 /* Main.storyboard in Resources */,
			);
			runOnlyForDeploymentPostprocessing = 0;
		};
		2B06DC9C2602F77A00CAA6C2 /* Resources */ = {
			isa = PBXResourcesBuildPhase;
			buildActionMask = 2147483647;
			files = (
			);
			runOnlyForDeploymentPostprocessing = 0;
		};
		2B06DCA72602F77A00CAA6C2 /* Resources */ = {
			isa = PBXResourcesBuildPhase;
			buildActionMask = 2147483647;
			files = (
			);
			runOnlyForDeploymentPostprocessing = 0;
		};
/* End PBXResourcesBuildPhase section */

/* Begin PBXShellScriptBuildPhase section */
		32A5F128B1CB37B597289470 /* [CP] Check Pods Manifest.lock */ = {
			isa = PBXShellScriptBuildPhase;
			buildActionMask = 2147483647;
			files = (
			);
			inputFileListPaths = (
			);
			inputPaths = (
				"${PODS_PODFILE_DIR_PATH}/Podfile.lock",
				"${PODS_ROOT}/Manifest.lock",
			);
			name = "[CP] Check Pods Manifest.lock";
			outputFileListPaths = (
			);
			outputPaths = (
				"$(DERIVED_FILE_DIR)/Pods-parstargram-checkManifestLockResult.txt",
			);
			runOnlyForDeploymentPostprocessing = 0;
			shellPath = /bin/sh;
			shellScript = "diff \"${PODS_PODFILE_DIR_PATH}/Podfile.lock\" \"${PODS_ROOT}/Manifest.lock\" > /dev/null\nif [ $? != 0 ] ; then\n    # print error to STDERR\n    echo \"error: The sandbox is not in sync with the Podfile.lock. Run 'pod install' or update your CocoaPods installation.\" >&2\n    exit 1\nfi\n# This output is used by Xcode 'outputs' to avoid re-running this script phase.\necho \"SUCCESS\" > \"${SCRIPT_OUTPUT_FILE_0}\"\n";
			showEnvVarsInLog = 0;
		};
		6E49D984B70D91802264F547 /* [CP] Check Pods Manifest.lock */ = {
			isa = PBXShellScriptBuildPhase;
			buildActionMask = 2147483647;
			files = (
			);
			inputFileListPaths = (
			);
			inputPaths = (
				"${PODS_PODFILE_DIR_PATH}/Podfile.lock",
				"${PODS_ROOT}/Manifest.lock",
			);
			name = "[CP] Check Pods Manifest.lock";
			outputFileListPaths = (
			);
			outputPaths = (
				"$(DERIVED_FILE_DIR)/Pods-parstargramTests-checkManifestLockResult.txt",
			);
			runOnlyForDeploymentPostprocessing = 0;
			shellPath = /bin/sh;
			shellScript = "diff \"${PODS_PODFILE_DIR_PATH}/Podfile.lock\" \"${PODS_ROOT}/Manifest.lock\" > /dev/null\nif [ $? != 0 ] ; then\n    # print error to STDERR\n    echo \"error: The sandbox is not in sync with the Podfile.lock. Run 'pod install' or update your CocoaPods installation.\" >&2\n    exit 1\nfi\n# This output is used by Xcode 'outputs' to avoid re-running this script phase.\necho \"SUCCESS\" > \"${SCRIPT_OUTPUT_FILE_0}\"\n";
			showEnvVarsInLog = 0;
		};
		8B3851F2CA06FF0C627E1B47 /* [CP] Embed Pods Frameworks */ = {
			isa = PBXShellScriptBuildPhase;
			buildActionMask = 2147483647;
			files = (
			);
			inputFileListPaths = (
				"${PODS_ROOT}/Target Support Files/Pods-parstargram-parstargramUITests/Pods-parstargram-parstargramUITests-frameworks-${CONFIGURATION}-input-files.xcfilelist",
			);
			name = "[CP] Embed Pods Frameworks";
			outputFileListPaths = (
				"${PODS_ROOT}/Target Support Files/Pods-parstargram-parstargramUITests/Pods-parstargram-parstargramUITests-frameworks-${CONFIGURATION}-output-files.xcfilelist",
			);
			runOnlyForDeploymentPostprocessing = 0;
			shellPath = /bin/sh;
			shellScript = "\"${PODS_ROOT}/Target Support Files/Pods-parstargram-parstargramUITests/Pods-parstargram-parstargramUITests-frameworks.sh\"\n";
			showEnvVarsInLog = 0;
		};
		DBE1DE6BB1F5DDEBB0E0B0FB /* [CP] Check Pods Manifest.lock */ = {
			isa = PBXShellScriptBuildPhase;
			buildActionMask = 2147483647;
			files = (
			);
			inputFileListPaths = (
			);
			inputPaths = (
				"${PODS_PODFILE_DIR_PATH}/Podfile.lock",
				"${PODS_ROOT}/Manifest.lock",
			);
			name = "[CP] Check Pods Manifest.lock";
			outputFileListPaths = (
			);
			outputPaths = (
				"$(DERIVED_FILE_DIR)/Pods-parstargram-parstargramUITests-checkManifestLockResult.txt",
			);
			runOnlyForDeploymentPostprocessing = 0;
			shellPath = /bin/sh;
			shellScript = "diff \"${PODS_PODFILE_DIR_PATH}/Podfile.lock\" \"${PODS_ROOT}/Manifest.lock\" > /dev/null\nif [ $? != 0 ] ; then\n    # print error to STDERR\n    echo \"error: The sandbox is not in sync with the Podfile.lock. Run 'pod install' or update your CocoaPods installation.\" >&2\n    exit 1\nfi\n# This output is used by Xcode 'outputs' to avoid re-running this script phase.\necho \"SUCCESS\" > \"${SCRIPT_OUTPUT_FILE_0}\"\n";
			showEnvVarsInLog = 0;
		};
		FA9DE93A40039F5464A13AAB /* [CP] Embed Pods Frameworks */ = {
			isa = PBXShellScriptBuildPhase;
			buildActionMask = 2147483647;
			files = (
			);
			inputFileListPaths = (
				"${PODS_ROOT}/Target Support Files/Pods-parstargram/Pods-parstargram-frameworks-${CONFIGURATION}-input-files.xcfilelist",
			);
			name = "[CP] Embed Pods Frameworks";
			outputFileListPaths = (
				"${PODS_ROOT}/Target Support Files/Pods-parstargram/Pods-parstargram-frameworks-${CONFIGURATION}-output-files.xcfilelist",
			);
			runOnlyForDeploymentPostprocessing = 0;
			shellPath = /bin/sh;
			shellScript = "\"${PODS_ROOT}/Target Support Files/Pods-parstargram/Pods-parstargram-frameworks.sh\"\n";
			showEnvVarsInLog = 0;
		};
/* End PBXShellScriptBuildPhase section */

/* Begin PBXSourcesBuildPhase section */
		2B06DC842602F77800CAA6C2 /* Sources */ = {
			isa = PBXSourcesBuildPhase;
			buildActionMask = 2147483647;
			files = (
				2B06DCC22602F7DD00CAA6C2 /* LoginViewController.swift in Sources */,
				2B06DC8C2602F77800CAA6C2 /* AppDelegate.swift in Sources */,
				2B06DCC72602F7F000CAA6C2 /* FeedViewController.swift in Sources */,
				2B06DC8E2602F77800CAA6C2 /* SceneDelegate.swift in Sources */,
				2B06DCD8260303FF00CAA6C2 /* CaptureViewController.swift in Sources */,
				2B06DCE82603D46600CAA6C2 /* PostCell.swift in Sources */,
			);
			runOnlyForDeploymentPostprocessing = 0;
		};
		2B06DC9A2602F77A00CAA6C2 /* Sources */ = {
			isa = PBXSourcesBuildPhase;
			buildActionMask = 2147483647;
			files = (
				2B06DCA32602F77A00CAA6C2 /* parstargramTests.swift in Sources */,
			);
			runOnlyForDeploymentPostprocessing = 0;
		};
		2B06DCA52602F77A00CAA6C2 /* Sources */ = {
			isa = PBXSourcesBuildPhase;
			buildActionMask = 2147483647;
			files = (
				2B06DCAE2602F77A00CAA6C2 /* parstargramUITests.swift in Sources */,
			);
			runOnlyForDeploymentPostprocessing = 0;
		};
/* End PBXSourcesBuildPhase section */

/* Begin PBXTargetDependency section */
		2B06DCA02602F77A00CAA6C2 /* PBXTargetDependency */ = {
			isa = PBXTargetDependency;
			target = 2B06DC872602F77800CAA6C2 /* parstargram */;
			targetProxy = 2B06DC9F2602F77A00CAA6C2 /* PBXContainerItemProxy */;
		};
		2B06DCAB2602F77A00CAA6C2 /* PBXTargetDependency */ = {
			isa = PBXTargetDependency;
			target = 2B06DC872602F77800CAA6C2 /* parstargram */;
			targetProxy = 2B06DCAA2602F77A00CAA6C2 /* PBXContainerItemProxy */;
		};
/* End PBXTargetDependency section */

/* Begin PBXVariantGroup section */
		2B06DC912602F77800CAA6C2 /* Main.storyboard */ = {
			isa = PBXVariantGroup;
			children = (
				2B06DC922602F77800CAA6C2 /* Base */,
			);
			name = Main.storyboard;
			sourceTree = "<group>";
		};
		2B06DC962602F77A00CAA6C2 /* LaunchScreen.storyboard */ = {
			isa = PBXVariantGroup;
			children = (
				2B06DC972602F77A00CAA6C2 /* Base */,
			);
			name = LaunchScreen.storyboard;
			sourceTree = "<group>";
		};
/* End PBXVariantGroup section */

/* Begin XCBuildConfiguration section */
		2B06DCB02602F77A00CAA6C2 /* Debug */ = {
			isa = XCBuildConfiguration;
			buildSettings = {
				ALWAYS_SEARCH_USER_PATHS = NO;
				CLANG_ANALYZER_NONNULL = YES;
				CLANG_ANALYZER_NUMBER_OBJECT_CONVERSION = YES_AGGRESSIVE;
				CLANG_CXX_LANGUAGE_STANDARD = "gnu++14";
				CLANG_CXX_LIBRARY = "libc++";
				CLANG_ENABLE_MODULES = YES;
				CLANG_ENABLE_OBJC_ARC = YES;
				CLANG_ENABLE_OBJC_WEAK = YES;
				CLANG_WARN_BLOCK_CAPTURE_AUTORELEASING = YES;
				CLANG_WARN_BOOL_CONVERSION = YES;
				CLANG_WARN_COMMA = YES;
				CLANG_WARN_CONSTANT_CONVERSION = YES;
				CLANG_WARN_DEPRECATED_OBJC_IMPLEMENTATIONS = YES;
				CLANG_WARN_DIRECT_OBJC_ISA_USAGE = YES_ERROR;
				CLANG_WARN_DOCUMENTATION_COMMENTS = YES;
				CLANG_WARN_EMPTY_BODY = YES;
				CLANG_WARN_ENUM_CONVERSION = YES;
				CLANG_WARN_INFINITE_RECURSION = YES;
				CLANG_WARN_INT_CONVERSION = YES;
				CLANG_WARN_NON_LITERAL_NULL_CONVERSION = YES;
				CLANG_WARN_OBJC_IMPLICIT_RETAIN_SELF = YES;
				CLANG_WARN_OBJC_LITERAL_CONVERSION = YES;
				CLANG_WARN_OBJC_ROOT_CLASS = YES_ERROR;
				CLANG_WARN_QUOTED_INCLUDE_IN_FRAMEWORK_HEADER = YES;
				CLANG_WARN_RANGE_LOOP_ANALYSIS = YES;
				CLANG_WARN_STRICT_PROTOTYPES = YES;
				CLANG_WARN_SUSPICIOUS_MOVE = YES;
				CLANG_WARN_UNGUARDED_AVAILABILITY = YES_AGGRESSIVE;
				CLANG_WARN_UNREACHABLE_CODE = YES;
				CLANG_WARN__DUPLICATE_METHOD_MATCH = YES;
				COPY_PHASE_STRIP = NO;
				DEBUG_INFORMATION_FORMAT = dwarf;
				ENABLE_STRICT_OBJC_MSGSEND = YES;
				ENABLE_TESTABILITY = YES;
				GCC_C_LANGUAGE_STANDARD = gnu11;
				GCC_DYNAMIC_NO_PIC = NO;
				GCC_NO_COMMON_BLOCKS = YES;
				GCC_OPTIMIZATION_LEVEL = 0;
				GCC_PREPROCESSOR_DEFINITIONS = (
					"DEBUG=1",
					"$(inherited)",
				);
				GCC_WARN_64_TO_32_BIT_CONVERSION = YES;
				GCC_WARN_ABOUT_RETURN_TYPE = YES_ERROR;
				GCC_WARN_UNDECLARED_SELECTOR = YES;
				GCC_WARN_UNINITIALIZED_AUTOS = YES_AGGRESSIVE;
				GCC_WARN_UNUSED_FUNCTION = YES;
				GCC_WARN_UNUSED_VARIABLE = YES;
				IPHONEOS_DEPLOYMENT_TARGET = 14.4;
				MTL_ENABLE_DEBUG_INFO = INCLUDE_SOURCE;
				MTL_FAST_MATH = YES;
				ONLY_ACTIVE_ARCH = YES;
				SDKROOT = iphoneos;
				SWIFT_ACTIVE_COMPILATION_CONDITIONS = DEBUG;
				SWIFT_OPTIMIZATION_LEVEL = "-Onone";
			};
			name = Debug;
		};
		2B06DCB12602F77A00CAA6C2 /* Release */ = {
			isa = XCBuildConfiguration;
			buildSettings = {
				ALWAYS_SEARCH_USER_PATHS = NO;
				CLANG_ANALYZER_NONNULL = YES;
				CLANG_ANALYZER_NUMBER_OBJECT_CONVERSION = YES_AGGRESSIVE;
				CLANG_CXX_LANGUAGE_STANDARD = "gnu++14";
				CLANG_CXX_LIBRARY = "libc++";
				CLANG_ENABLE_MODULES = YES;
				CLANG_ENABLE_OBJC_ARC = YES;
				CLANG_ENABLE_OBJC_WEAK = YES;
				CLANG_WARN_BLOCK_CAPTURE_AUTORELEASING = YES;
				CLANG_WARN_BOOL_CONVERSION = YES;
				CLANG_WARN_COMMA = YES;
				CLANG_WARN_CONSTANT_CONVERSION = YES;
				CLANG_WARN_DEPRECATED_OBJC_IMPLEMENTATIONS = YES;
				CLANG_WARN_DIRECT_OBJC_ISA_USAGE = YES_ERROR;
				CLANG_WARN_DOCUMENTATION_COMMENTS = YES;
				CLANG_WARN_EMPTY_BODY = YES;
				CLANG_WARN_ENUM_CONVERSION = YES;
				CLANG_WARN_INFINITE_RECURSION = YES;
				CLANG_WARN_INT_CONVERSION = YES;
				CLANG_WARN_NON_LITERAL_NULL_CONVERSION = YES;
				CLANG_WARN_OBJC_IMPLICIT_RETAIN_SELF = YES;
				CLANG_WARN_OBJC_LITERAL_CONVERSION = YES;
				CLANG_WARN_OBJC_ROOT_CLASS = YES_ERROR;
				CLANG_WARN_QUOTED_INCLUDE_IN_FRAMEWORK_HEADER = YES;
				CLANG_WARN_RANGE_LOOP_ANALYSIS = YES;
				CLANG_WARN_STRICT_PROTOTYPES = YES;
				CLANG_WARN_SUSPICIOUS_MOVE = YES;
				CLANG_WARN_UNGUARDED_AVAILABILITY = YES_AGGRESSIVE;
				CLANG_WARN_UNREACHABLE_CODE = YES;
				CLANG_WARN__DUPLICATE_METHOD_MATCH = YES;
				COPY_PHASE_STRIP = NO;
				DEBUG_INFORMATION_FORMAT = "dwarf-with-dsym";
				ENABLE_NS_ASSERTIONS = NO;
				ENABLE_STRICT_OBJC_MSGSEND = YES;
				GCC_C_LANGUAGE_STANDARD = gnu11;
				GCC_NO_COMMON_BLOCKS = YES;
				GCC_WARN_64_TO_32_BIT_CONVERSION = YES;
				GCC_WARN_ABOUT_RETURN_TYPE = YES_ERROR;
				GCC_WARN_UNDECLARED_SELECTOR = YES;
				GCC_WARN_UNINITIALIZED_AUTOS = YES_AGGRESSIVE;
				GCC_WARN_UNUSED_FUNCTION = YES;
				GCC_WARN_UNUSED_VARIABLE = YES;
				IPHONEOS_DEPLOYMENT_TARGET = 14.4;
				MTL_ENABLE_DEBUG_INFO = NO;
				MTL_FAST_MATH = YES;
				SDKROOT = iphoneos;
				SWIFT_COMPILATION_MODE = wholemodule;
				SWIFT_OPTIMIZATION_LEVEL = "-O";
				VALIDATE_PRODUCT = YES;
			};
			name = Release;
		};
		2B06DCB32602F77A00CAA6C2 /* Debug */ = {
			isa = XCBuildConfiguration;
			baseConfigurationReference = 6BF80ABC982F15DE06CEA907 /* Pods-parstargram.debug.xcconfig */;
			buildSettings = {
				ASSETCATALOG_COMPILER_APPICON_NAME = AppIcon;
				ASSETCATALOG_COMPILER_GLOBAL_ACCENT_COLOR_NAME = AccentColor;
				CODE_SIGN_STYLE = Automatic;
				DEVELOPMENT_TEAM = V848CS48D4;
				INFOPLIST_FILE = parstargram/Info.plist;
				LD_RUNPATH_SEARCH_PATHS = (
					"$(inherited)",
					"@executable_path/Frameworks",
				);
				PRODUCT_BUNDLE_IDENTIFIER = parstargram.parstargram;
				PRODUCT_NAME = "$(TARGET_NAME)";
				SWIFT_VERSION = 5.0;
				TARGETED_DEVICE_FAMILY = "1,2";
			};
			name = Debug;
		};
		2B06DCB42602F77A00CAA6C2 /* Release */ = {
			isa = XCBuildConfiguration;
			baseConfigurationReference = 7FA87F1A98ED59BC7F6C4FD8 /* Pods-parstargram.release.xcconfig */;
			buildSettings = {
				ASSETCATALOG_COMPILER_APPICON_NAME = AppIcon;
				ASSETCATALOG_COMPILER_GLOBAL_ACCENT_COLOR_NAME = AccentColor;
				CODE_SIGN_STYLE = Automatic;
				DEVELOPMENT_TEAM = V848CS48D4;
				INFOPLIST_FILE = parstargram/Info.plist;
				LD_RUNPATH_SEARCH_PATHS = (
					"$(inherited)",
					"@executable_path/Frameworks",
				);
				PRODUCT_BUNDLE_IDENTIFIER = parstargram.parstargram;
				PRODUCT_NAME = "$(TARGET_NAME)";
				SWIFT_VERSION = 5.0;
				TARGETED_DEVICE_FAMILY = "1,2";
			};
			name = Release;
		};
		2B06DCB62602F77A00CAA6C2 /* Debug */ = {
			isa = XCBuildConfiguration;
			baseConfigurationReference = A874CF64B759D2E85F78235C /* Pods-parstargramTests.debug.xcconfig */;
			buildSettings = {
				ALWAYS_EMBED_SWIFT_STANDARD_LIBRARIES = YES;
				BUNDLE_LOADER = "$(TEST_HOST)";
				CODE_SIGN_STYLE = Automatic;
				DEVELOPMENT_TEAM = V848CS48D4;
				INFOPLIST_FILE = parstargramTests/Info.plist;
				IPHONEOS_DEPLOYMENT_TARGET = 14.4;
				LD_RUNPATH_SEARCH_PATHS = (
					"$(inherited)",
					"@executable_path/Frameworks",
					"@loader_path/Frameworks",
				);
				PRODUCT_BUNDLE_IDENTIFIER = parstargram.parstargramTests;
				PRODUCT_NAME = "$(TARGET_NAME)";
				SWIFT_VERSION = 5.0;
				TARGETED_DEVICE_FAMILY = "1,2";
				TEST_HOST = "$(BUILT_PRODUCTS_DIR)/parstargram.app/parstargram";
			};
			name = Debug;
		};
		2B06DCB72602F77A00CAA6C2 /* Release */ = {
			isa = XCBuildConfiguration;
			baseConfigurationReference = AC4E63DD1B9C3D1E13598115 /* Pods-parstargramTests.release.xcconfig */;
			buildSettings = {
				ALWAYS_EMBED_SWIFT_STANDARD_LIBRARIES = YES;
				BUNDLE_LOADER = "$(TEST_HOST)";
				CODE_SIGN_STYLE = Automatic;
				DEVELOPMENT_TEAM = V848CS48D4;
				INFOPLIST_FILE = parstargramTests/Info.plist;
				IPHONEOS_DEPLOYMENT_TARGET = 14.4;
				LD_RUNPATH_SEARCH_PATHS = (
					"$(inherited)",
					"@executable_path/Frameworks",
					"@loader_path/Frameworks",
				);
				PRODUCT_BUNDLE_IDENTIFIER = parstargram.parstargramTests;
				PRODUCT_NAME = "$(TARGET_NAME)";
				SWIFT_VERSION = 5.0;
				TARGETED_DEVICE_FAMILY = "1,2";
				TEST_HOST = "$(BUILT_PRODUCTS_DIR)/parstargram.app/parstargram";
			};
			name = Release;
		};
		2B06DCB92602F77A00CAA6C2 /* Debug */ = {
			isa = XCBuildConfiguration;
			baseConfigurationReference = 58AFFFA3469696E893792A95 /* Pods-parstargram-parstargramUITests.debug.xcconfig */;
			buildSettings = {
				ALWAYS_EMBED_SWIFT_STANDARD_LIBRARIES = YES;
				CODE_SIGN_STYLE = Automatic;
				DEVELOPMENT_TEAM = V848CS48D4;
				INFOPLIST_FILE = parstargramUITests/Info.plist;
				LD_RUNPATH_SEARCH_PATHS = (
					"$(inherited)",
					"@executable_path/Frameworks",
					"@loader_path/Frameworks",
				);
				PRODUCT_BUNDLE_IDENTIFIER = parstargram.parstargramUITests;
				PRODUCT_NAME = "$(TARGET_NAME)";
				SWIFT_VERSION = 5.0;
				TARGETED_DEVICE_FAMILY = "1,2";
				TEST_TARGET_NAME = parstargram;
			};
			name = Debug;
		};
		2B06DCBA2602F77A00CAA6C2 /* Release */ = {
			isa = XCBuildConfiguration;
			baseConfigurationReference = C5406B116B8CFE9E74BF62DF /* Pods-parstargram-parstargramUITests.release.xcconfig */;
			buildSettings = {
				ALWAYS_EMBED_SWIFT_STANDARD_LIBRARIES = YES;
				CODE_SIGN_STYLE = Automatic;
				DEVELOPMENT_TEAM = V848CS48D4;
				INFOPLIST_FILE = parstargramUITests/Info.plist;
				LD_RUNPATH_SEARCH_PATHS = (
					"$(inherited)",
					"@executable_path/Frameworks",
					"@loader_path/Frameworks",
				);
				PRODUCT_BUNDLE_IDENTIFIER = parstargram.parstargramUITests;
				PRODUCT_NAME = "$(TARGET_NAME)";
				SWIFT_VERSION = 5.0;
				TARGETED_DEVICE_FAMILY = "1,2";
				TEST_TARGET_NAME = parstargram;
			};
			name = Release;
		};
/* End XCBuildConfiguration section */

/* Begin XCConfigurationList section */
		2B06DC832602F77800CAA6C2 /* Build configuration list for PBXProject "parstargram" */ = {
			isa = XCConfigurationList;
			buildConfigurations = (
				2B06DCB02602F77A00CAA6C2 /* Debug */,
				2B06DCB12602F77A00CAA6C2 /* Release */,
			);
			defaultConfigurationIsVisible = 0;
			defaultConfigurationName = Release;
		};
		2B06DCB22602F77A00CAA6C2 /* Build configuration list for PBXNativeTarget "parstargram" */ = {
			isa = XCConfigurationList;
			buildConfigurations = (
				2B06DCB32602F77A00CAA6C2 /* Debug */,
				2B06DCB42602F77A00CAA6C2 /* Release */,
			);
			defaultConfigurationIsVisible = 0;
			defaultConfigurationName = Release;
		};
		2B06DCB52602F77A00CAA6C2 /* Build configuration list for PBXNativeTarget "parstargramTests" */ = {
			isa = XCConfigurationList;
			buildConfigurations = (
				2B06DCB62602F77A00CAA6C2 /* Debug */,
				2B06DCB72602F77A00CAA6C2 /* Release */,
			);
			defaultConfigurationIsVisible = 0;
			defaultConfigurationName = Release;
		};
		2B06DCB82602F77A00CAA6C2 /* Build configuration list for PBXNativeTarget "parstargramUITests" */ = {
			isa = XCConfigurationList;
			buildConfigurations = (
				2B06DCB92602F77A00CAA6C2 /* Debug */,
				2B06DCBA2602F77A00CAA6C2 /* Release */,
			);
			defaultConfigurationIsVisible = 0;
			defaultConfigurationName = Release;
		};
/* End XCConfigurationList section */
	};
	rootObject = 2B06DC802602F77800CAA6C2 /* Project object */;
}
